
Microsoft Visual Studio Solution File, Format Version 12.00
# Visual Studio Version 17
VisualStudioVersion = 17.3.32929.385
MinimumVisualStudioVersion = 10.0.40219.1
Project("{8BC9CEB8-8B4A-11D0-8D11-00A0C91BC942}") = "选择语句", "选择语句.vcxproj", "{55D35205-CE40-4FA5-8371-C3983D54CC5E}"
EndProject
Global
	GlobalSection(SolutionConfigurationPlatforms) = preSolution
		Debug|x64 = Debug|x64
		Debug|x86 = Debug|x86
		Release|x64 = Release|x64
		Release|x86 = Release|x86
	EndGlobalSection
	GlobalSection(ProjectConfigurationPlatforms) = postSolution
		{55D35205-CE40-4FA5-8371-C3983D54CC5E}.Debug|x64.ActiveCfg = Debug|x64
		{55D35205-CE40-4FA5-8371-C3983D54CC5E}.Debug|x64.Build.0 = Debug|x64
		{55D35205-CE40-4FA5-8371-C3983D54CC5E}.Debug|x86.ActiveCfg = Debug|Win32
		{55D35205-CE40-4FA5-8371-C3983D54CC5E}.Debug|x86.Build.0 = Debug|Win32
		{55D35205-CE40-4FA5-8371-C3983D54CC5E}.Release|x64.ActiveCfg = Release|x64
		{55D35205-CE40-4FA5-8371-C3983D54CC5E}.Release|x64.Build.0 = Release|x64
		{55D35205-CE40-4FA5-8371-C3983D54CC5E}.Release|x86.ActiveCfg = Release|Win32
		{55D35205-CE40-4FA5-8371-C3983D54CC5E}.Release|x86.Build.0 = Release|Win32
	EndGlobalSection
	GlobalSection(SolutionProperties) = preSolution
		HideSolutionNode = FALSE
	EndGlobalSection
	GlobalSection(ExtensibilityGlobals) = postSolution
		SolutionGuid = {946B07A6-7305-4C4A-A0BF-2C239F742CD8}
	EndGlobalSection
EndGlobal
